
Microsoft Visual Studio Solution File, Format Version 12.00
# Visual Studio Version 17
VisualStudioVersion = 17.2.32616.157
MinimumVisualStudioVersion = 10.0.40219.1
Project("{9A19103F-16F7-4668-BE54-9A1E7A4F7556}") = "MimicAPI", "MimicAPI\MimicAPI.csproj", "{B8D48666-505C-4939-8122-C50C103BD9C9}"
EndProject
Global
	GlobalSection(SolutionConfigurationPlatforms) = preSolution
		Debug|Any CPU = Debug|Any CPU
		Release|Any CPU = Release|Any CPU
	EndGlobalSection
	GlobalSection(ProjectConfigurationPlatforms) = postSolution
		{B8D48666-505C-4939-8122-C50C103BD9C9}.Debug|Any CPU.ActiveCfg = Debug|Any CPU
		{B8D48666-505C-4939-8122-C50C103BD9C9}.Debug|Any CPU.Build.0 = Debug|Any CPU
		{B8D48666-505C-4939-8122-C50C103BD9C9}.Release|Any CPU.ActiveCfg = Release|Any CPU
		{B8D48666-505C-4939-8122-C50C103BD9C9}.Release|Any CPU.Build.0 = Release|Any CPU
	EndGlobalSection
	GlobalSection(SolutionProperties) = preSolution
		HideSolutionNode = FALSE
	EndGlobalSection
	GlobalSection(ExtensibilityGlobals) = postSolution
		SolutionGuid = {F6F36A14-1587-4D86-9A3B-670E159D031D}
	EndGlobalSection
EndGlobal
